
Microsoft Visual Studio Solution File, Format Version 12.00
# Visual Studio 15
VisualStudioVersion = 15.0.27428.2015
MinimumVisualStudioVersion = 10.0.40219.1
Project("{FAE04EC0-301F-11D3-BF4B-00C04F79EFBC}") = "TextMood.Functions", "TextMood.Functions\TextMood.Functions.csproj", "{1464ABAC-E14C-417F-99EE-D3D0478A2E88}"
EndProject
Project("{D954291E-2A0B-460D-934E-DC6B0785DB48}") = "TextMood.Shared", "TextMood.Shared\TextMood.Shared.shproj", "{DAA78ECE-0390-4E5A-A392-3130F55E43EC}"
EndProject
Project("{FAE04EC0-301F-11D3-BF4B-00C04F79EFBC}") = "TextMood.Backend.Common", "TextMood.Backend.Common\TextMood.Backend.Common.csproj", "{E5BCE4C8-74F5-4A4A-93E4-FC4B79961DEA}"
EndProject
Global
	GlobalSection(SolutionConfigurationPlatforms) = preSolution
		Debug|Any CPU = Debug|Any CPU
		Release|Any CPU = Release|Any CPU
	EndGlobalSection
	GlobalSection(ProjectConfigurationPlatforms) = postSolution
		{1464ABAC-E14C-417F-99EE-D3D0478A2E88}.Debug|Any CPU.ActiveCfg = Debug|Any CPU
		{1464ABAC-E14C-417F-99EE-D3D0478A2E88}.Debug|Any CPU.Build.0 = Debug|Any CPU
		{1464ABAC-E14C-417F-99EE-D3D0478A2E88}.Release|Any CPU.ActiveCfg = Release|Any CPU
		{1464ABAC-E14C-417F-99EE-D3D0478A2E88}.Release|Any CPU.Build.0 = Release|Any CPU
		{E5BCE4C8-74F5-4A4A-93E4-FC4B79961DEA}.Debug|Any CPU.ActiveCfg = Debug|Any CPU
		{E5BCE4C8-74F5-4A4A-93E4-FC4B79961DEA}.Debug|Any CPU.Build.0 = Debug|Any CPU
		{E5BCE4C8-74F5-4A4A-93E4-FC4B79961DEA}.Release|Any CPU.ActiveCfg = Release|Any CPU
		{E5BCE4C8-74F5-4A4A-93E4-FC4B79961DEA}.Release|Any CPU.Build.0 = Release|Any CPU
	EndGlobalSection
	GlobalSection(SolutionProperties) = preSolution
		HideSolutionNode = FALSE
	EndGlobalSection
	GlobalSection(ExtensibilityGlobals) = postSolution
		SolutionGuid = {498A233C-10DB-4A85-B670-033B86ABADFF}
	EndGlobalSection
EndGlobal
